github.com/golang/protobuf v1.0.0 h1:lsek0oXi8iFE9L+EXARyHIjU5rlWIhhTkjDz3vHhWWQ=
github.com/golang/protobuf v1.0.0/go.mod h1:6lQm79b+lXiMfvg/cZm0SGofjICqVBUtrP5yJMmIC1U=
github.com/kr/pretty v0.0.0-20160823170715-cfb55aafdaf3/go.mod h1:Bvhd+E3laJ0AVkG0c9rmtZcnhV0HQ3+c3YxxqTvc/gA=
github.com/kr/text v0.0.0-20160504234017-7cafcd837844/go.mod h1:sjUstKUATFIcff4qlB53Kml0wQPtJVc/3fWrmuUmcfA=
github.com/magefile/mage v1.14.0 h1:6QDX3g6z1YvJ4olPhT1wksUcSa/V0a1B+pJb73fBjyo=
github.com/magefile/mage v1.14.0/go.mod h1:z5UZb/iS3GoOSn0JgWuiw7dxlurVYTu+/jHXqQg881A=
github.com/stretchr/piglatin v0.0.0-20140311054444-ab61287b9936 h1:QcF4JZjvg9uNP9SdKFXspe6keOBZ1XmXkb25badRIkY=
github.com/stretchr/piglatin v0.0.0-20140311054444-ab61287b9936/go.mod h1:fnVlYnscMLDEmGbdH+GXr7JHxZCj7pCoRap6A74K5lY=
golang.org/x/net v0.0.0-20180301190904-22ae77b79946/go.mod h1:mL1N/T3taQHkDXs73rZJwtUhF3w3ftmwwsq0BUmARs4=
golang.org/x/text v0.3.0/go.mod h1:NqM8EUOU14njkJ3fqMW+pc6Ldnwhi/IjpwHt7yyuwOQ=
google.golang.org/genproto v0.0.0-20180301225018-2c5e7ac708aa/go.mod h1:JiN7NxoALGmiZfu7CAH4rXhgtRTLTxftemlI0sWmxmc=
google.golang.org/grpc v1.10.0/go.mod h1:yo6s7OP7yaDglbqo1J04qKzAhqBH6lvTonzMVmEdcZw=
